// !$*UTF8*$!
{
	archiveVersion = 1;
	classes = {
	};
	objectVersion = 50;
	objects = {

/* Begin PBXBuildFile section */
		430E6348217109A9008109B9 /* AppLabel.swift in Sources */ = {isa = PBXBuildFile; fileRef = 430E6347217109A9008109B9 /* AppLabel.swift */; };
		430E634B217140D8008109B9 /* InfoView.swift in Sources */ = {isa = PBXBuildFile; fileRef = 430E634A217140D8008109B9 /* InfoView.swift */; };
		430E634D21715A43008109B9 /* InfoModel.swift in Sources */ = {isa = PBXBuildFile; fileRef = 430E634C21715A43008109B9 /* InfoModel.swift */; };
		430E634F21716499008109B9 /* InfoCell.swift in Sources */ = {isa = PBXBuildFile; fileRef = 430E634E21716499008109B9 /* InfoCell.swift */; };
		432322C221507127005B47CF /* SocialMediaLoginView.swift in Sources */ = {isa = PBXBuildFile; fileRef = 432322C121507127005B47CF /* SocialMediaLoginView.swift */; };
		432322C421507265005B47CF /* SocialMediaDelegate.swift in Sources */ = {isa = PBXBuildFile; fileRef = 432322C321507265005B47CF /* SocialMediaDelegate.swift */; };
		432AA0D3215C78B700809F78 /* CaptureCamera.swift in Sources */ = {isa = PBXBuildFile; fileRef = 432AA0D2215C78B700809F78 /* CaptureCamera.swift */; };
		432AA0D6215C799800809F78 /* AVDelegate.swift in Sources */ = {isa = PBXBuildFile; fileRef = 432AA0D5215C799800809F78 /* AVDelegate.swift */; };
		432AA0D8215C79FF00809F78 /* GestureDelegate.swift in Sources */ = {isa = PBXBuildFile; fileRef = 432AA0D7215C79FF00809F78 /* GestureDelegate.swift */; };
		432AA0DA215C7A6100809F78 /* HomeViewDelegate.swift in Sources */ = {isa = PBXBuildFile; fileRef = 432AA0D9215C7A6100809F78 /* HomeViewDelegate.swift */; };
		432AA0DC215C906700809F78 /* GoogleService-Info.plist in Resources */ = {isa = PBXBuildFile; fileRef = 432AA0DB215C906700809F78 /* GoogleService-Info.plist */; };
		433BD66621741C2D00E3A52C /* InfoCollectionViewDelegate.swift in Sources */ = {isa = PBXBuildFile; fileRef = 433BD66521741C2D00E3A52C /* InfoCollectionViewDelegate.swift */; };
		43478ADA21472E3000C2EC24 /* PageController.swift in Sources */ = {isa = PBXBuildFile; fileRef = 43478AD921472E3000C2EC24 /* PageController.swift */; };
		43478ADD214731D300C2EC24 /* PageView.swift in Sources */ = {isa = PBXBuildFile; fileRef = 43478ADC214731D300C2EC24 /* PageView.swift */; };
		43478ADF2147324400C2EC24 /* PageCell.swift in Sources */ = {isa = PBXBuildFile; fileRef = 43478ADE2147324400C2EC24 /* PageCell.swift */; };
		43478AE22147326E00C2EC24 /* BaseCell.swift in Sources */ = {isa = PBXBuildFile; fileRef = 43478AE12147326E00C2EC24 /* BaseCell.swift */; };
		43478AE4214732B100C2EC24 /* Page.swift in Sources */ = {isa = PBXBuildFile; fileRef = 43478AE3214732B100C2EC24 /* Page.swift */; };
		43478AE82147333700C2EC24 /* Extensions.swift in Sources */ = {isa = PBXBuildFile; fileRef = 43478AE72147333700C2EC24 /* Extensions.swift */; };
		43478AEA21473A6900C2EC24 /* BaseView.swift in Sources */ = {isa = PBXBuildFile; fileRef = 43478AE921473A6900C2EC24 /* BaseView.swift */; };
		4359069421471D9200C692D7 /* AppDelegate.swift in Sources */ = {isa = PBXBuildFile; fileRef = 4359069321471D9200C692D7 /* AppDelegate.swift */; };
		4359069921471D9200C692D7 /* Main.storyboard in Resources */ = {isa = PBXBuildFile; fileRef = 4359069721471D9200C692D7 /* Main.storyboard */; };
		4359069B21471D9300C692D7 /* Assets.xcassets in Resources */ = {isa = PBXBuildFile; fileRef = 4359069A21471D9300C692D7 /* Assets.xcassets */; };
		435906A921471D9300C692D7 /* LandCapAppTests.swift in Sources */ = {isa = PBXBuildFile; fileRef = 435906A821471D9300C692D7 /* LandCapAppTests.swift */; };
		435906B421471D9300C692D7 /* LandCapAppUITests.swift in Sources */ = {isa = PBXBuildFile; fileRef = 435906B321471D9300C692D7 /* LandCapAppUITests.swift */; };
		436DE40E215DD323004D8062 /* PhotoView.swift in Sources */ = {isa = PBXBuildFile; fileRef = 436DE40D215DD323004D8062 /* PhotoView.swift */; };
		437FAA5C214F379B0050AEE8 /* CollectionDelegate.swift in Sources */ = {isa = PBXBuildFile; fileRef = 437FAA5B214F379B0050AEE8 /* CollectionDelegate.swift */; };
		437FAA60214F37F70050AEE8 /* LoginDelegate.swift in Sources */ = {isa = PBXBuildFile; fileRef = 437FAA5F214F37F70050AEE8 /* LoginDelegate.swift */; };
		437FAA62214F384D0050AEE8 /* TextFieldDelegate.swift in Sources */ = {isa = PBXBuildFile; fileRef = 437FAA61214F384D0050AEE8 /* TextFieldDelegate.swift */; };
		437FAA67214F41C00050AEE8 /* Helper.swift in Sources */ = {isa = PBXBuildFile; fileRef = 437FAA66214F41C00050AEE8 /* Helper.swift */; };
		437FAA6A214F43A90050AEE8 /* HomeController.swift in Sources */ = {isa = PBXBuildFile; fileRef = 437FAA69214F43A90050AEE8 /* HomeController.swift */; };
		439BD258214EFB3A00143CF7 /* Localizable.strings in Resources */ = {isa = PBXBuildFile; fileRef = 439BD25A214EFB3A00143CF7 /* Localizable.strings */; };
		43A72B4721A21F4500863794 /* LaunchScreen.storyboard in Resources */ = {isa = PBXBuildFile; fileRef = 43A72B4621A21F4500863794 /* LaunchScreen.storyboard */; };
		43AD40C721548EDF000FD21D /* CapDatabase.swift in Sources */ = {isa = PBXBuildFile; fileRef = 43AD40C621548EDF000FD21D /* CapDatabase.swift */; };
		43AD40CA21548F12000FD21D /* CapUser.swift in Sources */ = {isa = PBXBuildFile; fileRef = 43AD40C921548F12000FD21D /* CapUser.swift */; };
		43ADA76C214EE47500F09835 /* LoginView.swift in Sources */ = {isa = PBXBuildFile; fileRef = 43ADA76B214EE47500F09835 /* LoginView.swift */; };
		43ADA76F214EE5F900F09835 /* LeftPaddedTextField.swift in Sources */ = {isa = PBXBuildFile; fileRef = 43ADA76E214EE5F900F09835 /* LeftPaddedTextField.swift */; };
		43B7AC4621766CE10013E9E9 /* ProfileView.swift in Sources */ = {isa = PBXBuildFile; fileRef = 43B7AC4521766CE10013E9E9 /* ProfileView.swift */; };
		43B7AC48217680390013E9E9 /* ProfileCell.swift in Sources */ = {isa = PBXBuildFile; fileRef = 43B7AC47217680390013E9E9 /* ProfileCell.swift */; };
		43C9FE3A2170FA55007C2D4A /* InfoController.swift in Sources */ = {isa = PBXBuildFile; fileRef = 43C9FE392170FA55007C2D4A /* InfoController.swift */; };
		43D5695A21790C6B00301E18 /* DetailView.swift in Sources */ = {isa = PBXBuildFile; fileRef = 43D5695921790C6B00301E18 /* DetailView.swift */; };
		43EB528B215AFBE700B3E6CF /* Home.swift in Sources */ = {isa = PBXBuildFile; fileRef = 43EB528A215AFBE700B3E6CF /* Home.swift */; };
		43FAF2D5217830B10031F7A2 /* DetailController.swift in Sources */ = {isa = PBXBuildFile; fileRef = 43FAF2D4217830B10031F7A2 /* DetailController.swift */; };
		43FE19A9215B3E2200437B1B /* PhotoController.swift in Sources */ = {isa = PBXBuildFile; fileRef = 43FE19A8215B3E2200437B1B /* PhotoController.swift */; };
		43FE19AC215B49AA00437B1B /* ProfileController.swift in Sources */ = {isa = PBXBuildFile; fileRef = 43FE19AB215B49AA00437B1B /* ProfileController.swift */; };
		69E9738D7DC9B836C40F8C36 /* Pods_LandCapAppTests.framework in Frameworks */ = {isa = PBXBuildFile; fileRef = D49C17DD55C25F97DC632067 /* Pods_LandCapAppTests.framework */; };
		7F28CD8E050E08B29261AE3F /* Pods_LandCapAppUITests.framework in Frameworks */ = {isa = PBXBuildFile; fileRef = F56C8A6C634323C480D0FD28 /* Pods_LandCapAppUITests.framework */; };
		F0AE1D0E7B10E8E54EBF6FC6 /* Pods_LandCapApp.framework in Frameworks */ = {isa = PBXBuildFile; fileRef = B2EF69A84E67804DC29EC337 /* Pods_LandCapApp.framework */; };
/* End PBXBuildFile section */

/* Begin PBXContainerItemProxy section */
		435906A521471D9300C692D7 /* PBXContainerItemProxy */ = {
			isa = PBXContainerItemProxy;
			containerPortal = 4359068821471D9200C692D7 /* Project object */;
			proxyType = 1;
			remoteGlobalIDString = 4359068F21471D9200C692D7;
			remoteInfo = LandCapApp;
		};
		435906B021471D9300C692D7 /* PBXContainerItemProxy */ = {
			isa = PBXContainerItemProxy;
			containerPortal = 4359068821471D9200C692D7 /* Project object */;
			proxyType = 1;
			remoteGlobalIDString = 4359068F21471D9200C692D7;
			remoteInfo = LandCapApp;
		};
/* End PBXContainerItemProxy section */

/* Begin PBXFileReference section */
		0D21E870D9807015E341C884 /* Pods-LandCapAppTests.debug.xcconfig */ = {isa = PBXFileReference; includeInIndex = 1; lastKnownFileType = text.xcconfig; name = "Pods-LandCapAppTests.debug.xcconfig"; path = "Pods/Target Support Files/Pods-LandCapAppTests/Pods-LandCapAppTests.debug.xcconfig"; sourceTree = "<group>"; };
		198168A12942456897221550 /* Pods-LandCapAppTests.release.xcconfig */ = {isa = PBXFileReference; includeInIndex = 1; lastKnownFileType = text.xcconfig; name = "Pods-LandCapAppTests.release.xcconfig"; path = "Pods/Target Support Files/Pods-LandCapAppTests/Pods-LandCapAppTests.release.xcconfig"; sourceTree = "<group>"; };
		1A0482344FE67E693FB81DB5 /* Pods-LandCapApp.release.xcconfig */ = {isa = PBXFileReference; includeInIndex = 1; lastKnownFileType = text.xcconfig; name = "Pods-LandCapApp.release.xcconfig"; path = "Pods/Target Support Files/Pods-LandCapApp/Pods-LandCapApp.release.xcconfig"; sourceTree = "<group>"; };
		430E6347217109A9008109B9 /* AppLabel.swift */ = {isa = PBXFileReference; lastKnownFileType = sourcecode.swift; path = AppLabel.swift; sourceTree = "<group>"; };
		430E634A217140D8008109B9 /* InfoView.swift */ = {isa = PBXFileReference; lastKnownFileType = sourcecode.swift; path = InfoView.swift; sourceTree = "<group>"; };
		430E634C21715A43008109B9 /* InfoModel.swift */ = {isa = PBXFileReference; lastKnownFileType = sourcecode.swift; path = InfoModel.swift; sourceTree = "<group>"; };
		430E634E21716499008109B9 /* InfoCell.swift */ = {isa = PBXFileReference; lastKnownFileType = sourcecode.swift; path = InfoCell.swift; sourceTree = "<group>"; };
		432322C121507127005B47CF /* SocialMediaLoginView.swift */ = {isa = PBXFileReference; lastKnownFileType = sourcecode.swift; path = SocialMediaLoginView.swift; sourceTree = "<group>"; };
		432322C321507265005B47CF /* SocialMediaDelegate.swift */ = {isa = PBXFileReference; lastKnownFileType = sourcecode.swift; path = SocialMediaDelegate.swift; sourceTree = "<group>"; };
		432AA0D2215C78B700809F78 /* CaptureCamera.swift */ = {isa = PBXFileReference; lastKnownFileType = sourcecode.swift; path = CaptureCamera.swift; sourceTree = "<group>"; };
		432AA0D5215C799800809F78 /* AVDelegate.swift */ = {isa = PBXFileReference; lastKnownFileType = sourcecode.swift; path = AVDelegate.swift; sourceTree = "<group>"; };
		432AA0D7215C79FF00809F78 /* GestureDelegate.swift */ = {isa = PBXFileReference; lastKnownFileType = sourcecode.swift; path = GestureDelegate.swift; sourceTree = "<group>"; };
		432AA0D9215C7A6100809F78 /* HomeViewDelegate.swift */ = {isa = PBXFileReference; lastKnownFileType = sourcecode.swift; path = HomeViewDelegate.swift; sourceTree = "<group>"; };
		432AA0DB215C906700809F78 /* GoogleService-Info.plist */ = {isa = PBXFileReference; fileEncoding = 4; lastKnownFileType = text.plist.xml; path = "GoogleService-Info.plist"; sourceTree = "<group>"; };
		433BD66521741C2D00E3A52C /* InfoCollectionViewDelegate.swift */ = {isa = PBXFileReference; lastKnownFileType = sourcecode.swift; path = InfoCollectionViewDelegate.swift; sourceTree = "<group>"; };
		43478AD921472E3000C2EC24 /* PageController.swift */ = {isa = PBXFileReference; lastKnownFileType = sourcecode.swift; path = PageController.swift; sourceTree = "<group>"; };
		43478ADC214731D300C2EC24 /* PageView.swift */ = {isa = PBXFileReference; lastKnownFileType = sourcecode.swift; path = PageView.swift; sourceTree = "<group>"; };
		43478ADE2147324400C2EC24 /* PageCell.swift */ = {isa = PBXFileReference; lastKnownFileType = sourcecode.swift; path = PageCell.swift; sourceTree = "<group>"; };
		43478AE12147326E00C2EC24 /* BaseCell.swift */ = {isa = PBXFileReference; lastKnownFileType = sourcecode.swift; path = BaseCell.swift; sourceTree = "<group>"; };
		43478AE3214732B100C2EC24 /* Page.swift */ = {isa = PBXFileReference; lastKnownFileType = sourcecode.swift; path = Page.swift; sourceTree = "<group>"; };
		43478AE72147333700C2EC24 /* Extensions.swift */ = {isa = PBXFileReference; lastKnownFileType = sourcecode.swift; path = Extensions.swift; sourceTree = "<group>"; };
		43478AE921473A6900C2EC24 /* BaseView.swift */ = {isa = PBXFileReference; lastKnownFileType = sourcecode.swift; path = BaseView.swift; sourceTree = "<group>"; };
		4359069021471D9200C692D7 /* LandCapApp.app */ = {isa = PBXFileReference; explicitFileType = wrapper.application; includeInIndex = 0; path = LandCapApp.app; sourceTree = BUILT_PRODUCTS_DIR; };
		4359069321471D9200C692D7 /* AppDelegate.swift */ = {isa = PBXFileReference; lastKnownFileType = sourcecode.swift; path = AppDelegate.swift; sourceTree = "<group>"; };
		4359069821471D9200C692D7 /* Base */ = {isa = PBXFileReference; lastKnownFileType = file.storyboard; name = Base; path = Base.lproj/Main.storyboard; sourceTree = "<group>"; };
		4359069A21471D9300C692D7 /* Assets.xcassets */ = {isa = PBXFileReference; lastKnownFileType = folder.assetcatalog; path = Assets.xcassets; sourceTree = "<group>"; };
		4359069F21471D9300C692D7 /* Info.plist */ = {isa = PBXFileReference; lastKnownFileType = text.plist.xml; path = Info.plist; sourceTree = "<group>"; };
		435906A421471D9300C692D7 /* LandCapAppTests.xctest */ = {isa = PBXFileReference; explicitFileType = wrapper.cfbundle; includeInIndex = 0; path = LandCapAppTests.xctest; sourceTree = BUILT_PRODUCTS_DIR; };
		435906A821471D9300C692D7 /* LandCapAppTests.swift */ = {isa = PBXFileReference; lastKnownFileType = sourcecode.swift; path = LandCapAppTests.swift; sourceTree = "<group>"; };
		435906AA21471D9300C692D7 /* Info.plist */ = {isa = PBXFileReference; lastKnownFileType = text.plist.xml; path = Info.plist; sourceTree = "<group>"; };
		435906AF21471D9300C692D7 /* LandCapAppUITests.xctest */ = {isa = PBXFileReference; explicitFileType = wrapper.cfbundle; includeInIndex = 0; path = LandCapAppUITests.xctest; sourceTree = BUILT_PRODUCTS_DIR; };
		435906B321471D9300C692D7 /* LandCapAppUITests.swift */ = {isa = PBXFileReference; lastKnownFileType = sourcecode.swift; path = LandCapAppUITests.swift; sourceTree = "<group>"; };
		435906B521471D9300C692D7 /* Info.plist */ = {isa = PBXFileReference; lastKnownFileType = text.plist.xml; path = Info.plist; sourceTree = "<group>"; };
		436DE40D215DD323004D8062 /* PhotoView.swift */ = {isa = PBXFileReference; lastKnownFileType = sourcecode.swift; path = PhotoView.swift; sourceTree = "<group>"; };
		437FAA5B214F379B0050AEE8 /* CollectionDelegate.swift */ = {isa = PBXFileReference; lastKnownFileType = sourcecode.swift; path = CollectionDelegate.swift; sourceTree = "<group>"; };
		437FAA5F214F37F70050AEE8 /* LoginDelegate.swift */ = {isa = PBXFileReference; lastKnownFileType = sourcecode.swift; path = LoginDelegate.swift; sourceTree = "<group>"; };
		437FAA61214F384D0050AEE8 /* TextFieldDelegate.swift */ = {isa = PBXFileReference; lastKnownFileType = sourcecode.swift; path = TextFieldDelegate.swift; sourceTree = "<group>"; };
		437FAA66214F41C00050AEE8 /* Helper.swift */ = {isa = PBXFileReference; lastKnownFileType = sourcecode.swift; path = Helper.swift; sourceTree = "<group>"; };
		437FAA69214F43A90050AEE8 /* HomeController.swift */ = {isa = PBXFileReference; lastKnownFileType = sourcecode.swift; path = HomeController.swift; sourceTree = "<group>"; };
		439BD259214EFB3A00143CF7 /* en */ = {isa = PBXFileReference; lastKnownFileType = text.plist.strings; name = en; path = en.lproj/Localizable.strings; sourceTree = "<group>"; };
		439BD25B214EFD8400143CF7 /* ckb-IQ */ = {isa = PBXFileReference; lastKnownFileType = text.plist.strings; name = "ckb-IQ"; path = "ckb-IQ.lproj/Main.strings"; sourceTree = "<group>"; };
		439BD25D214EFD8400143CF7 /* ckb-IQ */ = {isa = PBXFileReference; lastKnownFileType = text.plist.strings; name = "ckb-IQ"; path = "ckb-IQ.lproj/Localizable.strings"; sourceTree = "<group>"; };
		43A72B4621A21F4500863794 /* LaunchScreen.storyboard */ = {isa = PBXFileReference; lastKnownFileType = file.storyboard; path = LaunchScreen.storyboard; sourceTree = "<group>"; };
		43AD40C621548EDF000FD21D /* CapDatabase.swift */ = {isa = PBXFileReference; lastKnownFileType = sourcecode.swift; path = CapDatabase.swift; sourceTree = "<group>"; };
		43AD40C921548F12000FD21D /* CapUser.swift */ = {isa = PBXFileReference; lastKnownFileType = sourcecode.swift; path = CapUser.swift; sourceTree = "<group>"; };
		43ADA76B214EE47500F09835 /* LoginView.swift */ = {isa = PBXFileReference; lastKnownFileType = sourcecode.swift; path = LoginView.swift; sourceTree = "<group>"; };
		43ADA76E214EE5F900F09835 /* LeftPaddedTextField.swift */ = {isa = PBXFileReference; lastKnownFileType = sourcecode.swift; path = LeftPaddedTextField.swift; sourceTree = "<group>"; };
		43B7AC4521766CE10013E9E9 /* ProfileView.swift */ = {isa = PBXFileReference; lastKnownFileType = sourcecode.swift; path = ProfileView.swift; sourceTree = "<group>"; };
		43B7AC47217680390013E9E9 /* ProfileCell.swift */ = {isa = PBXFileReference; lastKnownFileType = sourcecode.swift; path = ProfileCell.swift; sourceTree = "<group>"; };
		43C9FE392170FA55007C2D4A /* InfoController.swift */ = {isa = PBXFileReference; lastKnownFileType = sourcecode.swift; path = InfoController.swift; sourceTree = "<group>"; };
		43D5695921790C6B00301E18 /* DetailView.swift */ = {isa = PBXFileReference; lastKnownFileType = sourcecode.swift; path = DetailView.swift; sourceTree = "<group>"; };
		43EB528A215AFBE700B3E6CF /* Home.swift */ = {isa = PBXFileReference; lastKnownFileType = sourcecode.swift; path = Home.swift; sourceTree = "<group>"; };
		43FAF2D4217830B10031F7A2 /* DetailController.swift */ = {isa = PBXFileReference; lastKnownFileType = sourcecode.swift; path = DetailController.swift; sourceTree = "<group>"; };
		43FE19A8215B3E2200437B1B /* PhotoController.swift */ = {isa = PBXFileReference; lastKnownFileType = sourcecode.swift; path = PhotoController.swift; sourceTree = "<group>"; };
		43FE19AB215B49AA00437B1B /* ProfileController.swift */ = {isa = PBXFileReference; lastKnownFileType = sourcecode.swift; path = ProfileController.swift; sourceTree = "<group>"; };
		6571EA0BB1EDB2241C4A1231 /* Pods-LandCapApp.debug.xcconfig */ = {isa = PBXFileReference; includeInIndex = 1; lastKnownFileType = text.xcconfig; name = "Pods-LandCapApp.debug.xcconfig"; path = "Pods/Target Support Files/Pods-LandCapApp/Pods-LandCapApp.debug.xcconfig"; sourceTree = "<group>"; };
		B2EF69A84E67804DC29EC337 /* Pods_LandCapApp.framework */ = {isa = PBXFileReference; explicitFileType = wrapper.framework; includeInIndex = 0; path = Pods_LandCapApp.framework; sourceTree = BUILT_PRODUCTS_DIR; };
		C1CB455BA669B646E9B8C582 /* Pods-LandCapAppUITests.release.xcconfig */ = {isa = PBXFileReference; includeInIndex = 1; lastKnownFileType = text.xcconfig; name = "Pods-LandCapAppUITests.release.xcconfig"; path = "Pods/Target Support Files/Pods-LandCapAppUITests/Pods-LandCapAppUITests.release.xcconfig"; sourceTree = "<group>"; };
		C772E975553E1D469CAF0F4B /* Pods-LandCapAppUITests.debug.xcconfig */ = {isa = PBXFileReference; includeInIndex = 1; lastKnownFileType = text.xcconfig; name = "Pods-LandCapAppUITests.debug.xcconfig"; path = "Pods/Target Support Files/Pods-LandCapAppUITests/Pods-LandCapAppUITests.debug.xcconfig"; sourceTree = "<group>"; };
		D49C17DD55C25F97DC632067 /* Pods_LandCapAppTests.framework */ = {isa = PBXFileReference; explicitFileType = wrapper.framework; includeInIndex = 0; path = Pods_LandCapAppTests.framework; sourceTree = BUILT_PRODUCTS_DIR; };
		F56C8A6C634323C480D0FD28 /* Pods_LandCapAppUITests.framework */ = {isa = PBXFileReference; explicitFileType = wrapper.framework; includeInIndex = 0; path = Pods_LandCapAppUITests.framework; sourceTree = BUILT_PRODUCTS_DIR; };
/* End PBXFileReference section */

/* Begin PBXFrameworksBuildPhase section */
		4359068D21471D9200C692D7 /* Frameworks */ = {
			isa = PBXFrameworksBuildPhase;
			buildActionMask = 2147483647;
			files = (
				F0AE1D0E7B10E8E54EBF6FC6 /* Pods_LandCapApp.framework in Frameworks */,
			);
			runOnlyForDeploymentPostprocessing = 0;
		};
		435906A121471D9300C692D7 /* Frameworks */ = {
			isa = PBXFrameworksBuildPhase;
			buildActionMask = 2147483647;
			files = (
				69E9738D7DC9B836C40F8C36 /* Pods_LandCapAppTests.framework in Frameworks */,
			);
			runOnlyForDeploymentPostprocessing = 0;
		};
		435906AC21471D9300C692D7 /* Frameworks */ = {
			isa = PBXFrameworksBuildPhase;
			buildActionMask = 2147483647;
			files = (
				7F28CD8E050E08B29261AE3F /* Pods_LandCapAppUITests.framework in Frameworks */,
			);
			runOnlyForDeploymentPostprocessing = 0;
		};
/* End PBXFrameworksBuildPhase section */

/* Begin PBXGroup section */
		430E6349217140C2008109B9 /* InfoView */ = {
			isa = PBXGroup;
			children = (
				430E634A217140D8008109B9 /* InfoView.swift */,
				430E634E21716499008109B9 /* InfoCell.swift */,
			);
			path = InfoView;
			sourceTree = "<group>";
		};
		432AA0D4215C797C00809F78 /* extensions */ = {
			isa = PBXGroup;
			children = (
				432AA0D5215C799800809F78 /* AVDelegate.swift */,
				432AA0D7215C79FF00809F78 /* GestureDelegate.swift */,
				432AA0D9215C7A6100809F78 /* HomeViewDelegate.swift */,
			);
			path = extensions;
			sourceTree = "<group>";
		};
		43478AD521472DE300C2EC24 /* Controllers */ = {
			isa = PBXGroup;
			children = (
				43FAF2D321782E2A0031F7A2 /* Detail */,
				43FE19AA215B498B00437B1B /* Profile */,
				43C9FE382170FA23007C2D4A /* Info */,
				43FE19A7215B3E0C00437B1B /* Photo */,
				437FAA68214F43940050AEE8 /* Home */,
				43478AD821472E1400C2EC24 /* Page */,
			);
			path = Controllers;
			sourceTree = "<group>";
		};
		43478AD621472DF600C2EC24 /* Views */ = {
			isa = PBXGroup;
			children = (
				43D5695821790C5B00301E18 /* DetailView */,
				43B7AC4421766CD00013E9E9 /* ProfileView */,
				430E6349217140C2008109B9 /* InfoView */,
				436DE40C215DD310004D8062 /* PhotoView */,
				43EB5289215AFBC400B3E6CF /* HomeView */,
				43ADA76A214EE45500F09835 /* LoginView */,
				43478AE02147326100C2EC24 /* Commons */,
				43478ADB214731C600C2EC24 /* PageView */,
			);
			path = Views;
			sourceTree = "<group>";
		};
		43478AD721472DFC00C2EC24 /* Models */ = {
			isa = PBXGroup;
			children = (
				43478AE3214732B100C2EC24 /* Page.swift */,
				430E634C21715A43008109B9 /* InfoModel.swift */,
			);
			path = Models;
			sourceTree = "<group>";
		};
		43478AD821472E1400C2EC24 /* Page */ = {
			isa = PBXGroup;
			children = (
				437FAA5A214F37850050AEE8 /* extensions */,
				43478AD921472E3000C2EC24 /* PageController.swift */,
			);
			path = Page;
			sourceTree = "<group>";
		};
		43478ADB214731C600C2EC24 /* PageView */ = {
			isa = PBXGroup;
			children = (
				43478ADC214731D300C2EC24 /* PageView.swift */,
				43478ADE2147324400C2EC24 /* PageCell.swift */,
			);
			path = PageView;
			sourceTree = "<group>";
		};
		43478AE02147326100C2EC24 /* Commons */ = {
			isa = PBXGroup;
			children = (
				43478AE12147326E00C2EC24 /* BaseCell.swift */,
				43478AE921473A6900C2EC24 /* BaseView.swift */,
			);
			path = Commons;
			sourceTree = "<group>";
		};
		43478AE52147330800C2EC24 /* Extensions */ = {
			isa = PBXGroup;
			children = (
				43478AE72147333700C2EC24 /* Extensions.swift */,
			);
			path = Extensions;
			sourceTree = "<group>";
		};
		4359068721471D9200C692D7 = {
			isa = PBXGroup;
			children = (
				439BD25A214EFB3A00143CF7 /* Localizable.strings */,
				4359069221471D9200C692D7 /* LandCapApp */,
				435906A721471D9300C692D7 /* LandCapAppTests */,
				435906B221471D9300C692D7 /* LandCapAppUITests */,
				4359069121471D9200C692D7 /* Products */,
				D6F8AF61095DEDB1B3F21C8F /* Pods */,
				4451404DAAF81C7CA1A3D6F7 /* Frameworks */,
			);
			sourceTree = "<group>";
		};
		4359069121471D9200C692D7 /* Products */ = {
			isa = PBXGroup;
			children = (
				4359069021471D9200C692D7 /* LandCapApp.app */,
				435906A421471D9300C692D7 /* LandCapAppTests.xctest */,
				435906AF21471D9300C692D7 /* LandCapAppUITests.xctest */,
			);
			name = Products;
			sourceTree = "<group>";
		};
		4359069221471D9200C692D7 /* LandCapApp */ = {
			isa = PBXGroup;
			children = (
				43AD40C821548F03000FD21D /* CapUser */,
				43AD40C521548EC7000FD21D /* Firebase */,
				437FAA65214F41AF0050AEE8 /* Helpers */,
				43ADA76D214EE5D800F09835 /* Subclasses */,
				43478AE52147330800C2EC24 /* Extensions */,
				43478AD721472DFC00C2EC24 /* Models */,
				43478AD621472DF600C2EC24 /* Views */,
				43478AD521472DE300C2EC24 /* Controllers */,
				4359069321471D9200C692D7 /* AppDelegate.swift */,
				4359069721471D9200C692D7 /* Main.storyboard */,
				4359069A21471D9300C692D7 /* Assets.xcassets */,
				432AA0DB215C906700809F78 /* GoogleService-Info.plist */,
				4359069F21471D9300C692D7 /* Info.plist */,
				43A72B4621A21F4500863794 /* LaunchScreen.storyboard */,
			);
			path = LandCapApp;
			sourceTree = "<group>";
		};
		435906A721471D9300C692D7 /* LandCapAppTests */ = {
			isa = PBXGroup;
			children = (
				435906A821471D9300C692D7 /* LandCapAppTests.swift */,
				435906AA21471D9300C692D7 /* Info.plist */,
			);
			path = LandCapAppTests;
			sourceTree = "<group>";
		};
		435906B221471D9300C692D7 /* LandCapAppUITests */ = {
			isa = PBXGroup;
			children = (
				435906B321471D9300C692D7 /* LandCapAppUITests.swift */,
				435906B521471D9300C692D7 /* Info.plist */,
			);
			path = LandCapAppUITests;
			sourceTree = "<group>";
		};
		436DE40C215DD310004D8062 /* PhotoView */ = {
			isa = PBXGroup;
			children = (
				436DE40D215DD323004D8062 /* PhotoView.swift */,
			);
			path = PhotoView;
			sourceTree = "<group>";
		};
		437FAA5A214F37850050AEE8 /* extensions */ = {
			isa = PBXGroup;
			children = (
				437FAA5B214F379B0050AEE8 /* CollectionDelegate.swift */,
				437FAA5F214F37F70050AEE8 /* LoginDelegate.swift */,
				437FAA61214F384D0050AEE8 /* TextFieldDelegate.swift */,
				432322C321507265005B47CF /* SocialMediaDelegate.swift */,
			);
			path = extensions;
			sourceTree = "<group>";
		};
		437FAA65214F41AF0050AEE8 /* Helpers */ = {
			isa = PBXGroup;
			children = (
				437FAA66214F41C00050AEE8 /* Helper.swift */,
				430E6347217109A9008109B9 /* AppLabel.swift */,
			);
			path = Helpers;
			sourceTree = "<group>";
		};
		437FAA68214F43940050AEE8 /* Home */ = {
			isa = PBXGroup;
			children = (
				432AA0D4215C797C00809F78 /* extensions */,
				437FAA69214F43A90050AEE8 /* HomeController.swift */,
				432AA0D2215C78B700809F78 /* CaptureCamera.swift */,
			);
			path = Home;
			sourceTree = "<group>";
		};
		43AD40C521548EC7000FD21D /* Firebase */ = {
			isa = PBXGroup;
			children = (
				43AD40C621548EDF000FD21D /* CapDatabase.swift */,
			);
			path = Firebase;
			sourceTree = "<group>";
		};
		43AD40C821548F03000FD21D /* CapUser */ = {
			isa = PBXGroup;
			children = (
				43AD40C921548F12000FD21D /* CapUser.swift */,
			);
			path = CapUser;
			sourceTree = "<group>";
		};
		43ADA76A214EE45500F09835 /* LoginView */ = {
			isa = PBXGroup;
			children = (
				43ADA76B214EE47500F09835 /* LoginView.swift */,
				432322C121507127005B47CF /* SocialMediaLoginView.swift */,
			);
			path = LoginView;
			sourceTree = "<group>";
		};
		43ADA76D214EE5D800F09835 /* Subclasses */ = {
			isa = PBXGroup;
			children = (
				43ADA76E214EE5F900F09835 /* LeftPaddedTextField.swift */,
			);
			path = Subclasses;
			sourceTree = "<group>";
		};
		43B7AC4421766CD00013E9E9 /* ProfileView */ = {
			isa = PBXGroup;
			children = (
				43B7AC4521766CE10013E9E9 /* ProfileView.swift */,
				43B7AC47217680390013E9E9 /* ProfileCell.swift */,
			);
			path = ProfileView;
			sourceTree = "<group>";
		};
		43C9FE382170FA23007C2D4A /* Info */ = {
			isa = PBXGroup;
			children = (
				43C9FE392170FA55007C2D4A /* InfoController.swift */,
				433BD66521741C2D00E3A52C /* InfoCollectionViewDelegate.swift */,
			);
			path = Info;
			sourceTree = "<group>";
		};
		43D5695821790C5B00301E18 /* DetailView */ = {
			isa = PBXGroup;
			children = (
				43D5695921790C6B00301E18 /* DetailView.swift */,
			);
			path = DetailView;
			sourceTree = "<group>";
		};
		43EB5289215AFBC400B3E6CF /* HomeView */ = {
			isa = PBXGroup;
			children = (
				43EB528A215AFBE700B3E6CF /* Home.swift */,
			);
			path = HomeView;
			sourceTree = "<group>";
		};
		43FAF2D321782E2A0031F7A2 /* Detail */ = {
			isa = PBXGroup;
			children = (
				43FAF2D4217830B10031F7A2 /* DetailController.swift */,
			);
			path = Detail;
			sourceTree = "<group>";
		};
		43FE19A7215B3E0C00437B1B /* Photo */ = {
			isa = PBXGroup;
			children = (
				43FE19A8215B3E2200437B1B /* PhotoController.swift */,
			);
			path = Photo;
			sourceTree = "<group>";
		};
		43FE19AA215B498B00437B1B /* Profile */ = {
			isa = PBXGroup;
			children = (
				43FE19AB215B49AA00437B1B /* ProfileController.swift */,
			);
			path = Profile;
			sourceTree = "<group>";
		};
		4451404DAAF81C7CA1A3D6F7 /* Frameworks */ = {
			isa = PBXGroup;
			children = (
				B2EF69A84E67804DC29EC337 /* Pods_LandCapApp.framework */,
				D49C17DD55C25F97DC632067 /* Pods_LandCapAppTests.framework */,
				F56C8A6C634323C480D0FD28 /* Pods_LandCapAppUITests.framework */,
			);
			name = Frameworks;
			sourceTree = "<group>";
		};
		D6F8AF61095DEDB1B3F21C8F /* Pods */ = {
			isa = PBXGroup;
			children = (
				6571EA0BB1EDB2241C4A1231 /* Pods-LandCapApp.debug.xcconfig */,
				1A0482344FE67E693FB81DB5 /* Pods-LandCapApp.release.xcconfig */,
				0D21E870D9807015E341C884 /* Pods-LandCapAppTests.debug.xcconfig */,
				198168A12942456897221550 /* Pods-LandCapAppTests.release.xcconfig */,
				C772E975553E1D469CAF0F4B /* Pods-LandCapAppUITests.debug.xcconfig */,
				C1CB455BA669B646E9B8C582 /* Pods-LandCapAppUITests.release.xcconfig */,
			);
			name = Pods;
			sourceTree = "<group>";
		};
/* End PBXGroup section */

/* Begin PBXNativeTarget section */
		4359068F21471D9200C692D7 /* LandCapApp */ = {
			isa = PBXNativeTarget;
			buildConfigurationList = 435906B821471D9300C692D7 /* Build configuration list for PBXNativeTarget "LandCapApp" */;
			buildPhases = (
				39FC36BBCD043A57319CD2DB /* [CP] Check Pods Manifest.lock */,
				4359068C21471D9200C692D7 /* Sources */,
				4359068D21471D9200C692D7 /* Frameworks */,
				4359068E21471D9200C692D7 /* Resources */,
				F387D732212A30997D262925 /* [CP] Embed Pods Frameworks */,
			);
			buildRules = (
			);
			dependencies = (
			);
			name = LandCapApp;
			productName = LandCapApp;
			productReference = 4359069021471D9200C692D7 /* LandCapApp.app */;
			productType = "com.apple.product-type.application";
		};
		435906A321471D9300C692D7 /* LandCapAppTests */ = {
			isa = PBXNativeTarget;
			buildConfigurationList = 435906BB21471D9300C692D7 /* Build configuration list for PBXNativeTarget "LandCapAppTests" */;
			buildPhases = (
				C3EA7056C279F46A321A649E /* [CP] Check Pods Manifest.lock */,
				435906A021471D9300C692D7 /* Sources */,
				435906A121471D9300C692D7 /* Frameworks */,
				435906A221471D9300C692D7 /* Resources */,
			);
			buildRules = (
			);
			dependencies = (
				435906A621471D9300C692D7 /* PBXTargetDependency */,
			);
			name = LandCapAppTests;
			productName = LandCapAppTests;
			productReference = 435906A421471D9300C692D7 /* LandCapAppTests.xctest */;
			productType = "com.apple.product-type.bundle.unit-test";
		};
		435906AE21471D9300C692D7 /* LandCapAppUITests */ = {
			isa = PBXNativeTarget;
			buildConfigurationList = 435906BE21471D9300C692D7 /* Build configuration list for PBXNativeTarget "LandCapAppUITests" */;
			buildPhases = (
				5E19390DC6E8E68BE0D9758D /* [CP] Check Pods Manifest.lock */,
				435906AB21471D9300C692D7 /* Sources */,
				435906AC21471D9300C692D7 /* Frameworks */,
				435906AD21471D9300C692D7 /* Resources */,
			);
			buildRules = (
			);
			dependencies = (
				435906B121471D9300C692D7 /* PBXTargetDependency */,
			);
			name = LandCapAppUITests;
			productName = LandCapAppUITests;
			productReference = 435906AF21471D9300C692D7 /* LandCapAppUITests.xctest */;
			productType = "com.apple.product-type.bundle.ui-testing";
		};
/* End PBXNativeTarget section */

/* Begin PBXProject section */
		4359068821471D9200C692D7 /* Project object */ = {
			isa = PBXProject;
			attributes = {
				LastSwiftUpdateCheck = 0940;
				LastUpgradeCheck = 0940;
				ORGANIZATIONNAME = Tebin;
				TargetAttributes = {
					4359068F21471D9200C692D7 = {
						CreatedOnToolsVersion = 9.4.1;
					};
					435906A321471D9300C692D7 = {
						CreatedOnToolsVersion = 9.4.1;
						TestTargetID = 4359068F21471D9200C692D7;
					};
					435906AE21471D9300C692D7 = {
						CreatedOnToolsVersion = 9.4.1;
						TestTargetID = 4359068F21471D9200C692D7;
					};
				};
			};
			buildConfigurationList = 4359068B21471D9200C692D7 /* Build configuration list for PBXProject "LandCapApp" */;
			compatibilityVersion = "Xcode 9.3";
			developmentRegion = en;
			hasScannedForEncodings = 0;
			knownRegions = (
				en,
				Base,
				"ckb-IQ",
			);
			mainGroup = 4359068721471D9200C692D7;
			productRefGroup = 4359069121471D9200C692D7 /* Products */;
			projectDirPath = "";
			projectRoot = "";
			targets = (
				4359068F21471D9200C692D7 /* LandCapApp */,
				435906A321471D9300C692D7 /* LandCapAppTests */,
				435906AE21471D9300C692D7 /* LandCapAppUITests */,
			);
		};
/* End PBXProject section */

/* Begin PBXResourcesBuildPhase section */
		4359068E21471D9200C692D7 /* Resources */ = {
			isa = PBXResourcesBuildPhase;
			buildActionMask = 2147483647;
			files = (
				439BD258214EFB3A00143CF7 /* Localizable.strings in Resources */,
				432AA0DC215C906700809F78 /* GoogleService-Info.plist in Resources */,
				4359069B21471D9300C692D7 /* Assets.xcassets in Resources */,
				43A72B4721A21F4500863794 /* LaunchScreen.storyboard in Resources */,
				4359069921471D9200C692D7 /* Main.storyboard in Resources */,
			);
			runOnlyForDeploymentPostprocessing = 0;
		};
		435906A221471D9300C692D7 /* Resources */ = {
			isa = PBXResourcesBuildPhase;
			buildActionMask = 2147483647;
			files = (
			);
			runOnlyForDeploymentPostprocessing = 0;
		};
		435906AD21471D9300C692D7 /* Resources */ = {
			isa = PBXResourcesBuildPhase;
			buildActionMask = 2147483647;
			files = (
			);
			runOnlyForDeploymentPostprocessing = 0;
		};
/* End PBXResourcesBuildPhase section */

/* Begin PBXShellScriptBuildPhase section */
		39FC36BBCD043A57319CD2DB /* [CP] Check Pods Manifest.lock */ = {
			isa = PBXShellScriptBuildPhase;
			buildActionMask = 2147483647;
			files = (
			);
			inputPaths = (
				"${PODS_PODFILE_DIR_PATH}/Podfile.lock",
				"${PODS_ROOT}/Manifest.lock",
			);
			name = "[CP] Check Pods Manifest.lock";
			outputPaths = (
				"$(DERIVED_FILE_DIR)/Pods-LandCapApp-checkManifestLockResult.txt",
			);
			runOnlyForDeploymentPostprocessing = 0;
			shellPath = /bin/sh;
			shellScript = "diff \"${PODS_PODFILE_DIR_PATH}/Podfile.lock\" \"${PODS_ROOT}/Manifest.lock\" > /dev/null\nif [ $? != 0 ] ; then\n    # print error to STDERR\n    echo \"error: The sandbox is not in sync with the Podfile.lock. Run 'pod install' or update your CocoaPods installation.\" >&2\n    exit 1\nfi\n# This output is used by Xcode 'outputs' to avoid re-running this script phase.\necho \"SUCCESS\" > \"${SCRIPT_OUTPUT_FILE_0}\"\n";
			showEnvVarsInLog = 0;
		};
		5E19390DC6E8E68BE0D9758D /* [CP] Check Pods Manifest.lock */ = {
			isa = PBXShellScriptBuildPhase;
			buildActionMask = 2147483647;
			files = (
			);
			inputPaths = (
				"${PODS_PODFILE_DIR_PATH}/Podfile.lock",
				"${PODS_ROOT}/Manifest.lock",
			);
			name = "[CP] Check Pods Manifest.lock";
			outputPaths = (
				"$(DERIVED_FILE_DIR)/Pods-LandCapAppUITests-checkManifestLockResult.txt",
			);
			runOnlyForDeploymentPostprocessing = 0;
			shellPath = /bin/sh;
			shellScript = "diff \"${PODS_PODFILE_DIR_PATH}/Podfile.lock\" \"${PODS_ROOT}/Manifest.lock\" > /dev/null\nif [ $? != 0 ] ; then\n    # print error to STDERR\n    echo \"error: The sandbox is not in sync with the Podfile.lock. Run 'pod install' or update your CocoaPods installation.\" >&2\n    exit 1\nfi\n# This output is used by Xcode 'outputs' to avoid re-running this script phase.\necho \"SUCCESS\" > \"${SCRIPT_OUTPUT_FILE_0}\"\n";
			showEnvVarsInLog = 0;
		};
		C3EA7056C279F46A321A649E /* [CP] Check Pods Manifest.lock */ = {
			isa = PBXShellScriptBuildPhase;
			buildActionMask = 2147483647;
			files = (
			);
			inputPaths = (
				"${PODS_PODFILE_DIR_PATH}/Podfile.lock",
				"${PODS_ROOT}/Manifest.lock",
			);
			name = "[CP] Check Pods Manifest.lock";
			outputPaths = (
				"$(DERIVED_FILE_DIR)/Pods-LandCapAppTests-checkManifestLockResult.txt",
			);
			runOnlyForDeploymentPostprocessing = 0;
			shellPath = /bin/sh;
			shellScript = "diff \"${PODS_PODFILE_DIR_PATH}/Podfile.lock\" \"${PODS_ROOT}/Manifest.lock\" > /dev/null\nif [ $? != 0 ] ; then\n    # print error to STDERR\n    echo \"error: The sandbox is not in sync with the Podfile.lock. Run 'pod install' or update your CocoaPods installation.\" >&2\n    exit 1\nfi\n# This output is used by Xcode 'outputs' to avoid re-running this script phase.\necho \"SUCCESS\" > \"${SCRIPT_OUTPUT_FILE_0}\"\n";
			showEnvVarsInLog = 0;
		};
		F387D732212A30997D262925 /* [CP] Embed Pods Frameworks */ = {
			isa = PBXShellScriptBuildPhase;
			buildActionMask = 2147483647;
			files = (
			);
			inputPaths = (
				"${SRCROOT}/Pods/Target Support Files/Pods-LandCapApp/Pods-LandCapApp-frameworks.sh",
				"${BUILT_PRODUCTS_DIR}/Bolts/Bolts.framework",
				"${BUILT_PRODUCTS_DIR}/CDAlertView/CDAlertView.framework",
				"${BUILT_PRODUCTS_DIR}/FBSDKCoreKit/FBSDKCoreKit.framework",
				"${BUILT_PRODUCTS_DIR}/FBSDKLoginKit/FBSDKLoginKit.framework",
				"${BUILT_PRODUCTS_DIR}/GTMSessionFetcher/GTMSessionFetcher.framework",
				"${BUILT_PRODUCTS_DIR}/GoogleAPIClientForREST/GoogleAPIClientForREST.framework",
				"${BUILT_PRODUCTS_DIR}/GoogleToolboxForMac/GoogleToolboxForMac.framework",
				"${BUILT_PRODUCTS_DIR}/GoogleUtilities/GoogleUtilities.framework",
				"${BUILT_PRODUCTS_DIR}/Protobuf/Protobuf.framework",
				"${BUILT_PRODUCTS_DIR}/SDWebImage/SDWebImage.framework",
				"${BUILT_PRODUCTS_DIR}/SwiftIconFont/SwiftIconFont.framework",
				"${BUILT_PRODUCTS_DIR}/SwiftInstagram/SwiftInstagram.framework",
				"${BUILT_PRODUCTS_DIR}/SwiftyJSON/SwiftyJSON.framework",
				"${BUILT_PRODUCTS_DIR}/leveldb-library/leveldb.framework",
				"${BUILT_PRODUCTS_DIR}/nanopb/nanopb.framework",
			);
			name = "[CP] Embed Pods Frameworks";
			outputPaths = (
				"${TARGET_BUILD_DIR}/${FRAMEWORKS_FOLDER_PATH}/Bolts.framework",
				"${TARGET_BUILD_DIR}/${FRAMEWORKS_FOLDER_PATH}/CDAlertView.framework",
				"${TARGET_BUILD_DIR}/${FRAMEWORKS_FOLDER_PATH}/FBSDKCoreKit.framework",
				"${TARGET_BUILD_DIR}/${FRAMEWORKS_FOLDER_PATH}/FBSDKLoginKit.framework",
				"${TARGET_BUILD_DIR}/${FRAMEWORKS_FOLDER_PATH}/GTMSessionFetcher.framework",
				"${TARGET_BUILD_DIR}/${FRAMEWORKS_FOLDER_PATH}/GoogleAPIClientForREST.framework",
				"${TARGET_BUILD_DIR}/${FRAMEWORKS_FOLDER_PATH}/GoogleToolboxForMac.framework",
				"${TARGET_BUILD_DIR}/${FRAMEWORKS_FOLDER_PATH}/GoogleUtilities.framework",
				"${TARGET_BUILD_DIR}/${FRAMEWORKS_FOLDER_PATH}/Protobuf.framework",
				"${TARGET_BUILD_DIR}/${FRAMEWORKS_FOLDER_PATH}/SDWebImage.framework",
				"${TARGET_BUILD_DIR}/${FRAMEWORKS_FOLDER_PATH}/SwiftIconFont.framework",
				"${TARGET_BUILD_DIR}/${FRAMEWORKS_FOLDER_PATH}/SwiftInstagram.framework",
				"${TARGET_BUILD_DIR}/${FRAMEWORKS_FOLDER_PATH}/SwiftyJSON.framework",
				"${TARGET_BUILD_DIR}/${FRAMEWORKS_FOLDER_PATH}/leveldb.framework",
				"${TARGET_BUILD_DIR}/${FRAMEWORKS_FOLDER_PATH}/nanopb.framework",
			);
			runOnlyForDeploymentPostprocessing = 0;
			shellPath = /bin/sh;
			shellScript = "\"${SRCROOT}/Pods/Target Support Files/Pods-LandCapApp/Pods-LandCapApp-frameworks.sh\"\n";
			showEnvVarsInLog = 0;
		};
/* End PBXShellScriptBuildPhase section */

/* Begin PBXSourcesBuildPhase section */
		4359068C21471D9200C692D7 /* Sources */ = {
			isa = PBXSourcesBuildPhase;
			buildActionMask = 2147483647;
			files = (
				432AA0DA215C7A6100809F78 /* HomeViewDelegate.swift in Sources */,
				432AA0D8215C79FF00809F78 /* GestureDelegate.swift in Sources */,
				43AD40CA21548F12000FD21D /* CapUser.swift in Sources */,
				43FE19A9215B3E2200437B1B /* PhotoController.swift in Sources */,
				432AA0D3215C78B700809F78 /* CaptureCamera.swift in Sources */,
				43AD40C721548EDF000FD21D /* CapDatabase.swift in Sources */,
				43D5695A21790C6B00301E18 /* DetailView.swift in Sources */,
				437FAA60214F37F70050AEE8 /* LoginDelegate.swift in Sources */,
				433BD66621741C2D00E3A52C /* InfoCollectionViewDelegate.swift in Sources */,
				43478ADF2147324400C2EC24 /* PageCell.swift in Sources */,
				43B7AC48217680390013E9E9 /* ProfileCell.swift in Sources */,
				430E6348217109A9008109B9 /* AppLabel.swift in Sources */,
				432AA0D6215C799800809F78 /* AVDelegate.swift in Sources */,
				432322C221507127005B47CF /* SocialMediaLoginView.swift in Sources */,
				437FAA5C214F379B0050AEE8 /* CollectionDelegate.swift in Sources */,
				43ADA76F214EE5F900F09835 /* LeftPaddedTextField.swift in Sources */,
				43478ADD214731D300C2EC24 /* PageView.swift in Sources */,
				437FAA62214F384D0050AEE8 /* TextFieldDelegate.swift in Sources */,
				430E634B217140D8008109B9 /* InfoView.swift in Sources */,
				43478AE82147333700C2EC24 /* Extensions.swift in Sources */,
				437FAA67214F41C00050AEE8 /* Helper.swift in Sources */,
				4359069421471D9200C692D7 /* AppDelegate.swift in Sources */,
				43478AE4214732B100C2EC24 /* Page.swift in Sources */,
				43EB528B215AFBE700B3E6CF /* Home.swift in Sources */,
				43478AEA21473A6900C2EC24 /* BaseView.swift in Sources */,
				430E634D21715A43008109B9 /* InfoModel.swift in Sources */,
				43FAF2D5217830B10031F7A2 /* DetailController.swift in Sources */,
				432322C421507265005B47CF /* SocialMediaDelegate.swift in Sources */,
				437FAA6A214F43A90050AEE8 /* HomeController.swift in Sources */,
				43B7AC4621766CE10013E9E9 /* ProfileView.swift in Sources */,
				43ADA76C214EE47500F09835 /* LoginView.swift in Sources */,
				43478AE22147326E00C2EC24 /* BaseCell.swift in Sources */,
				430E634F21716499008109B9 /* InfoCell.swift in Sources */,
				436DE40E215DD323004D8062 /* PhotoView.swift in Sources */,
				43478ADA21472E3000C2EC24 /* PageController.swift in Sources */,
				43FE19AC215B49AA00437B1B /* ProfileController.swift in Sources */,
				43C9FE3A2170FA55007C2D4A /* InfoController.swift in Sources */,
			);
			runOnlyForDeploymentPostprocessing = 0;
		};
		435906A021471D9300C692D7 /* Sources */ = {
			isa = PBXSourcesBuildPhase;
			buildActionMask = 2147483647;
			files = (
				435906A921471D9300C692D7 /* LandCapAppTests.swift in Sources */,
			);
			runOnlyForDeploymentPostprocessing = 0;
		};
		435906AB21471D9300C692D7 /* Sources */ = {
			isa = PBXSourcesBuildPhase;
			buildActionMask = 2147483647;
			files = (
				435906B421471D9300C692D7 /* LandCapAppUITests.swift in Sources */,
			);
			runOnlyForDeploymentPostprocessing = 0;
		};
/* End PBXSourcesBuildPhase section */

/* Begin PBXTargetDependency section */
		435906A621471D9300C692D7 /* PBXTargetDependency */ = {
			isa = PBXTargetDependency;
			target = 4359068F21471D9200C692D7 /* LandCapApp */;
			targetProxy = 435906A521471D9300C692D7 /* PBXContainerItemProxy */;
		};
		435906B121471D9300C692D7 /* PBXTargetDependency */ = {
			isa = PBXTargetDependency;
			target = 4359068F21471D9200C692D7 /* LandCapApp */;
			targetProxy = 435906B021471D9300C692D7 /* PBXContainerItemProxy */;
		};
/* End PBXTargetDependency section */

/* Begin PBXVariantGroup section */
		4359069721471D9200C692D7 /* Main.storyboard */ = {
			isa = PBXVariantGroup;
			children = (
				4359069821471D9200C692D7 /* Base */,
				439BD25B214EFD8400143CF7 /* ckb-IQ */,
			);
			name = Main.storyboard;
			sourceTree = "<group>";
		};
		439BD25A214EFB3A00143CF7 /* Localizable.strings */ = {
			isa = PBXVariantGroup;
			children = (
				439BD259214EFB3A00143CF7 /* en */,
				439BD25D214EFD8400143CF7 /* ckb-IQ */,
			);
			name = Localizable.strings;
			sourceTree = "<group>";
		};
/* End PBXVariantGroup section */

/* Begin XCBuildConfiguration section */
		435906B621471D9300C692D7 /* Debug */ = {
			isa = XCBuildConfiguration;
			buildSettings = {
				ALWAYS_SEARCH_USER_PATHS = NO;
				CLANG_ANALYZER_LOCALIZABILITY_NONLOCALIZED = YES;
				CLANG_ANALYZER_NONNULL = YES;
				CLANG_ANALYZER_NUMBER_OBJECT_CONVERSION = YES_AGGRESSIVE;
				CLANG_CXX_LANGUAGE_STANDARD = "gnu++14";
				CLANG_CXX_LIBRARY = "libc++";
				CLANG_ENABLE_MODULES = YES;
				CLANG_ENABLE_OBJC_ARC = YES;
				CLANG_ENABLE_OBJC_WEAK = YES;
				CLANG_WARN_BLOCK_CAPTURE_AUTORELEASING = YES;
				CLANG_WARN_BOOL_CONVERSION = YES;
				CLANG_WARN_COMMA = YES;
				CLANG_WARN_CONSTANT_CONVERSION = YES;
				CLANG_WARN_DEPRECATED_OBJC_IMPLEMENTATIONS = YES;
				CLANG_WARN_DIRECT_OBJC_ISA_USAGE = YES_ERROR;
				CLANG_WARN_DOCUMENTATION_COMMENTS = YES;
				CLANG_WARN_EMPTY_BODY = YES;
				CLANG_WARN_ENUM_CONVERSION = YES;
				CLANG_WARN_INFINITE_RECURSION = YES;
				CLANG_WARN_INT_CONVERSION = YES;
				CLANG_WARN_NON_LITERAL_NULL_CONVERSION = YES;
				CLANG_WARN_OBJC_IMPLICIT_RETAIN_SELF = YES;
				CLANG_WARN_OBJC_LITERAL_CONVERSION = YES;
				CLANG_WARN_OBJC_ROOT_CLASS = YES_ERROR;
				CLANG_WARN_RANGE_LOOP_ANALYSIS = YES;
				CLANG_WARN_STRICT_PROTOTYPES = YES;
				CLANG_WARN_SUSPICIOUS_MOVE = YES;
				CLANG_WARN_UNGUARDED_AVAILABILITY = YES_AGGRESSIVE;
				CLANG_WARN_UNREACHABLE_CODE = YES;
				CLANG_WARN__DUPLICATE_METHOD_MATCH = YES;
				CODE_SIGN_IDENTITY = "iPhone Developer";
				COPY_PHASE_STRIP = NO;
				DEBUG_INFORMATION_FORMAT = dwarf;
				ENABLE_STRICT_OBJC_MSGSEND = YES;
				ENABLE_TESTABILITY = YES;
				GCC_C_LANGUAGE_STANDARD = gnu11;
				GCC_DYNAMIC_NO_PIC = NO;
				GCC_NO_COMMON_BLOCKS = YES;
				GCC_OPTIMIZATION_LEVEL = 0;
				GCC_PREPROCESSOR_DEFINITIONS = (
					"DEBUG=1",
					"$(inherited)",
				);
				GCC_WARN_64_TO_32_BIT_CONVERSION = YES;
				GCC_WARN_ABOUT_RETURN_TYPE = YES_ERROR;
				GCC_WARN_UNDECLARED_SELECTOR = YES;
				GCC_WARN_UNINITIALIZED_AUTOS = YES_AGGRESSIVE;
				GCC_WARN_UNUSED_FUNCTION = YES;
				GCC_WARN_UNUSED_VARIABLE = YES;
				IPHONEOS_DEPLOYMENT_TARGET = 11.4;
				MTL_ENABLE_DEBUG_INFO = YES;
				ONLY_ACTIVE_ARCH = YES;
				SDKROOT = iphoneos;
				SWIFT_ACTIVE_COMPILATION_CONDITIONS = DEBUG;
				SWIFT_OPTIMIZATION_LEVEL = "-Onone";
			};
			name = Debug;
		};
		435906B721471D9300C692D7 /* Release */ = {
			isa = XCBuildConfiguration;
			buildSettings = {
				ALWAYS_SEARCH_USER_PATHS = NO;
				CLANG_ANALYZER_LOCALIZABILITY_NONLOCALIZED = YES;
				CLANG_ANALYZER_NONNULL = YES;
				CLANG_ANALYZER_NUMBER_OBJECT_CONVERSION = YES_AGGRESSIVE;
				CLANG_CXX_LANGUAGE_STANDARD = "gnu++14";
				CLANG_CXX_LIBRARY = "libc++";
				CLANG_ENABLE_MODULES = YES;
				CLANG_ENABLE_OBJC_ARC = YES;
				CLANG_ENABLE_OBJC_WEAK = YES;
				CLANG_WARN_BLOCK_CAPTURE_AUTORELEASING = YES;
				CLANG_WARN_BOOL_CONVERSION = YES;
				CLANG_WARN_COMMA = YES;
				CLANG_WARN_CONSTANT_CONVERSION = YES;
				CLANG_WARN_DEPRECATED_OBJC_IMPLEMENTATIONS = YES;
				CLANG_WARN_DIRECT_OBJC_ISA_USAGE = YES_ERROR;
				CLANG_WARN_DOCUMENTATION_COMMENTS = YES;
				CLANG_WARN_EMPTY_BODY = YES;
				CLANG_WARN_ENUM_CONVERSION = YES;
				CLANG_WARN_INFINITE_RECURSION = YES;
				CLANG_WARN_INT_CONVERSION = YES;
				CLANG_WARN_NON_LITERAL_NULL_CONVERSION = YES;
				CLANG_WARN_OBJC_IMPLICIT_RETAIN_SELF = YES;
				CLANG_WARN_OBJC_LITERAL_CONVERSION = YES;
				CLANG_WARN_OBJC_ROOT_CLASS = YES_ERROR;
				CLANG_WARN_RANGE_LOOP_ANALYSIS = YES;
				CLANG_WARN_STRICT_PROTOTYPES = YES;
				CLANG_WARN_SUSPICIOUS_MOVE = YES;
				CLANG_WARN_UNGUARDED_AVAILABILITY = YES_AGGRESSIVE;
				CLANG_WARN_UNREACHABLE_CODE = YES;
				CLANG_WARN__DUPLICATE_METHOD_MATCH = YES;
				CODE_SIGN_IDENTITY = "iPhone Developer";
				COPY_PHASE_STRIP = NO;
				DEBUG_INFORMATION_FORMAT = "dwarf-with-dsym";
				ENABLE_NS_ASSERTIONS = NO;
				ENABLE_STRICT_OBJC_MSGSEND = YES;
				GCC_C_LANGUAGE_STANDARD = gnu11;
				GCC_NO_COMMON_BLOCKS = YES;
				GCC_WARN_64_TO_32_BIT_CONVERSION = YES;
				GCC_WARN_ABOUT_RETURN_TYPE = YES_ERROR;
				GCC_WARN_UNDECLARED_SELECTOR = YES;
				GCC_WARN_UNINITIALIZED_AUTOS = YES_AGGRESSIVE;
				GCC_WARN_UNUSED_FUNCTION = YES;
				GCC_WARN_UNUSED_VARIABLE = YES;
				IPHONEOS_DEPLOYMENT_TARGET = 11.4;
				MTL_ENABLE_DEBUG_INFO = NO;
				SDKROOT = iphoneos;
				SWIFT_COMPILATION_MODE = wholemodule;
				SWIFT_OPTIMIZATION_LEVEL = "-O";
				VALIDATE_PRODUCT = YES;
			};
			name = Release;
		};
		435906B921471D9300C692D7 /* Debug */ = {
			isa = XCBuildConfiguration;
			baseConfigurationReference = 6571EA0BB1EDB2241C4A1231 /* Pods-LandCapApp.debug.xcconfig */;
			buildSettings = {
				ASSETCATALOG_COMPILER_APPICON_NAME = AppIcon;
				ASSETCATALOG_COMPILER_LAUNCHIMAGE_NAME = LaunchImage;
				CODE_SIGN_STYLE = Automatic;
				DEVELOPMENT_TEAM = XF3ZLL552H;
				INFOPLIST_FILE = LandCapApp/Info.plist;
				IPHONEOS_DEPLOYMENT_TARGET = 11.0;
				LD_RUNPATH_SEARCH_PATHS = (
					"$(inherited)",
					"@executable_path/Frameworks",
				);
				PRODUCT_BUNDLE_IDENTIFIER = tech.tebin.LandCapApp;
				PRODUCT_NAME = "$(TARGET_NAME)";
				SWIFT_VERSION = 4.0;
				TARGETED_DEVICE_FAMILY = 1;
			};
			name = Debug;
		};
		435906BA21471D9300C692D7 /* Release */ = {
			isa = XCBuildConfiguration;
			baseConfigurationReference = 1A0482344FE67E693FB81DB5 /* Pods-LandCapApp.release.xcconfig */;
			buildSettings = {
				ASSETCATALOG_COMPILER_APPICON_NAME = AppIcon;
				ASSETCATALOG_COMPILER_LAUNCHIMAGE_NAME = LaunchImage;
				CODE_SIGN_STYLE = Automatic;
				DEVELOPMENT_TEAM = XF3ZLL552H;
				INFOPLIST_FILE = LandCapApp/Info.plist;
				IPHONEOS_DEPLOYMENT_TARGET = 11.0;
				LD_RUNPATH_SEARCH_PATHS = (
					"$(inherited)",
					"@executable_path/Frameworks",
				);
				PRODUCT_BUNDLE_IDENTIFIER = tech.tebin.LandCapApp;
				PRODUCT_NAME = "$(TARGET_NAME)";
				SWIFT_VERSION = 4.0;
				TARGETED_DEVICE_FAMILY = 1;
			};
			name = Release;
		};
		435906BC21471D9300C692D7 /* Debug */ = {
			isa = XCBuildConfiguration;
			baseConfigurationReference = 0D21E870D9807015E341C884 /* Pods-LandCapAppTests.debug.xcconfig */;
			buildSettings = {
				ALWAYS_EMBED_SWIFT_STANDARD_LIBRARIES = YES;
				BUNDLE_LOADER = "$(TEST_HOST)";
				CODE_SIGN_STYLE = Automatic;
				INFOPLIST_FILE = LandCapAppTests/Info.plist;
				LD_RUNPATH_SEARCH_PATHS = (
					"$(inherited)",
					"@executable_path/Frameworks",
					"@loader_path/Frameworks",
				);
				PRODUCT_BUNDLE_IDENTIFIER = tech.tebin.LandCapAppTests;
				PRODUCT_NAME = "$(TARGET_NAME)";
				SWIFT_VERSION = 4.0;
				TARGETED_DEVICE_FAMILY = "1,2";
				TEST_HOST = "$(BUILT_PRODUCTS_DIR)/LandCapApp.app/LandCapApp";
			};
			name = Debug;
		};
		435906BD21471D9300C692D7 /* Release */ = {
			isa = XCBuildConfiguration;
			baseConfigurationReference = 198168A12942456897221550 /* Pods-LandCapAppTests.release.xcconfig */;
			buildSettings = {
				ALWAYS_EMBED_SWIFT_STANDARD_LIBRARIES = YES;
				BUNDLE_LOADER = "$(TEST_HOST)";
				CODE_SIGN_STYLE = Automatic;
				INFOPLIST_FILE = LandCapAppTests/Info.plist;
				LD_RUNPATH_SEARCH_PATHS = (
					"$(inherited)",
					"@executable_path/Frameworks",
					"@loader_path/Frameworks",
				);
				PRODUCT_BUNDLE_IDENTIFIER = tech.tebin.LandCapAppTests;
				PRODUCT_NAME = "$(TARGET_NAME)";
				SWIFT_VERSION = 4.0;
				TARGETED_DEVICE_FAMILY = "1,2";
				TEST_HOST = "$(BUILT_PRODUCTS_DIR)/LandCapApp.app/LandCapApp";
			};
			name = Release;
		};
		435906BF21471D9300C692D7 /* Debug */ = {
			isa = XCBuildConfiguration;
			baseConfigurationReference = C772E975553E1D469CAF0F4B /* Pods-LandCapAppUITests.debug.xcconfig */;
			buildSettings = {
				ALWAYS_EMBED_SWIFT_STANDARD_LIBRARIES = YES;
				CODE_SIGN_STYLE = Automatic;
				INFOPLIST_FILE = LandCapAppUITests/Info.plist;
				LD_RUNPATH_SEARCH_PATHS = (
					"$(inherited)",
					"@executable_path/Frameworks",
					"@loader_path/Frameworks",
				);
				PRODUCT_BUNDLE_IDENTIFIER = tech.tebin.LandCapAppUITests;
				PRODUCT_NAME = "$(TARGET_NAME)";
				SWIFT_VERSION = 4.0;
				TARGETED_DEVICE_FAMILY = "1,2";
				TEST_TARGET_NAME = LandCapApp;
			};
			name = Debug;
		};
		435906C021471D9300C692D7 /* Release */ = {
			isa = XCBuildConfiguration;
			baseConfigurationReference = C1CB455BA669B646E9B8C582 /* Pods-LandCapAppUITests.release.xcconfig */;
			buildSettings = {
				ALWAYS_EMBED_SWIFT_STANDARD_LIBRARIES = YES;
				CODE_SIGN_STYLE = Automatic;
				INFOPLIST_FILE = LandCapAppUITests/Info.plist;
				LD_RUNPATH_SEARCH_PATHS = (
					"$(inherited)",
					"@executable_path/Frameworks",
					"@loader_path/Frameworks",
				);
				PRODUCT_BUNDLE_IDENTIFIER = tech.tebin.LandCapAppUITests;
				PRODUCT_NAME = "$(TARGET_NAME)";
				SWIFT_VERSION = 4.0;
				TARGETED_DEVICE_FAMILY = "1,2";
				TEST_TARGET_NAME = LandCapApp;
			};
			name = Release;
		};
/* End XCBuildConfiguration section */

/* Begin XCConfigurationList section */
		4359068B21471D9200C692D7 /* Build configuration list for PBXProject "LandCapApp" */ = {
			isa = XCConfigurationList;
			buildConfigurations = (
				435906B621471D9300C692D7 /* Debug */,
				435906B721471D9300C692D7 /* Release */,
			);
			defaultConfigurationIsVisible = 0;
			defaultConfigurationName = Release;
		};
		435906B821471D9300C692D7 /* Build configuration list for PBXNativeTarget "LandCapApp" */ = {
			isa = XCConfigurationList;
			buildConfigurations = (
				435906B921471D9300C692D7 /* Debug */,
				435906BA21471D9300C692D7 /* Release */,
			);
			defaultConfigurationIsVisible = 0;
			defaultConfigurationName = Release;
		};
		435906BB21471D9300C692D7 /* Build configuration list for PBXNativeTarget "LandCapAppTests" */ = {
			isa = XCConfigurationList;
			buildConfigurations = (
				435906BC21471D9300C692D7 /* Debug */,
				435906BD21471D9300C692D7 /* Release */,
			);
			defaultConfigurationIsVisible = 0;
			defaultConfigurationName = Release;
		};
		435906BE21471D9300C692D7 /* Build configuration list for PBXNativeTarget "LandCapAppUITests" */ = {
			isa = XCConfigurationList;
			buildConfigurations = (
				435906BF21471D9300C692D7 /* Debug */,
				435906C021471D9300C692D7 /* Release */,
			);
			defaultConfigurationIsVisible = 0;
			defaultConfigurationName = Release;
		};
/* End XCConfigurationList section */
	};
	rootObject = 4359068821471D9200C692D7 /* Project object */;
}
